
Microsoft Visual Studio Solution File, Format Version 12.00
# Visual Studio 2013
VisualStudioVersion = 12.0.31101.0
MinimumVisualStudioVersion = 10.0.40219.1
Project("{FAE04EC0-301F-11D3-BF4B-00C04F79EFBC}") = "KeepMoving", "KeepMoving\KeepMoving.csproj", "{5E10E4AF-D73B-4D07-A68D-4621EB510877}"
EndProject
Project("{FAE04EC0-301F-11D3-BF4B-00C04F79EFBC}") = "KeepMoving.Background", "KeepMoving.Background\KeepMoving.Background.csproj", "{EFAA9AE4-5691-4508-8B76-C449B2C30751}"
EndProject
Project("{FAE04EC0-301F-11D3-BF4B-00C04F79EFBC}") = "KeepMoving.Framework", "KeepMoving.Framework\KeepMoving.Framework.csproj", "{F1A76915-7DFD-432D-87B9-09831924F7E1}"
EndProject
Global
	GlobalSection(SolutionConfigurationPlatforms) = preSolution
		Debug|Any CPU = Debug|Any CPU
		Debug|ARM = Debug|ARM
		Debug|x86 = Debug|x86
		Release|Any CPU = Release|Any CPU
		Release|ARM = Release|ARM
		Release|x86 = Release|x86
	EndGlobalSection
	GlobalSection(ProjectConfigurationPlatforms) = postSolution
		{5E10E4AF-D73B-4D07-A68D-4621EB510877}.Debug|Any CPU.ActiveCfg = Debug|Any CPU
		{5E10E4AF-D73B-4D07-A68D-4621EB510877}.Debug|Any CPU.Build.0 = Debug|Any CPU
		{5E10E4AF-D73B-4D07-A68D-4621EB510877}.Debug|Any CPU.Deploy.0 = Debug|Any CPU
		{5E10E4AF-D73B-4D07-A68D-4621EB510877}.Debug|ARM.ActiveCfg = Debug|ARM
		{5E10E4AF-D73B-4D07-A68D-4621EB510877}.Debug|ARM.Build.0 = Debug|ARM
		{5E10E4AF-D73B-4D07-A68D-4621EB510877}.Debug|ARM.Deploy.0 = Debug|ARM
		{5E10E4AF-D73B-4D07-A68D-4621EB510877}.Debug|x86.ActiveCfg = Debug|x86
		{5E10E4AF-D73B-4D07-A68D-4621EB510877}.Debug|x86.Build.0 = Debug|x86
		{5E10E4AF-D73B-4D07-A68D-4621EB510877}.Debug|x86.Deploy.0 = Debug|x86
		{5E10E4AF-D73B-4D07-A68D-4621EB510877}.Release|Any CPU.ActiveCfg = Release|Any CPU
		{5E10E4AF-D73B-4D07-A68D-4621EB510877}.Release|Any CPU.Build.0 = Release|Any CPU
		{5E10E4AF-D73B-4D07-A68D-4621EB510877}.Release|Any CPU.Deploy.0 = Release|Any CPU
		{5E10E4AF-D73B-4D07-A68D-4621EB510877}.Release|ARM.ActiveCfg = Release|ARM
		{5E10E4AF-D73B-4D07-A68D-4621EB510877}.Release|ARM.Build.0 = Release|ARM
		{5E10E4AF-D73B-4D07-A68D-4621EB510877}.Release|ARM.Deploy.0 = Release|ARM
		{5E10E4AF-D73B-4D07-A68D-4621EB510877}.Release|x86.ActiveCfg = Release|x86
		{5E10E4AF-D73B-4D07-A68D-4621EB510877}.Release|x86.Build.0 = Release|x86
		{5E10E4AF-D73B-4D07-A68D-4621EB510877}.Release|x86.Deploy.0 = Release|x86
		{EFAA9AE4-5691-4508-8B76-C449B2C30751}.Debug|Any CPU.ActiveCfg = Debug|Any CPU
		{EFAA9AE4-5691-4508-8B76-C449B2C30751}.Debug|Any CPU.Build.0 = Debug|Any CPU
		{EFAA9AE4-5691-4508-8B76-C449B2C30751}.Debug|ARM.ActiveCfg = Debug|ARM
		{EFAA9AE4-5691-4508-8B76-C449B2C30751}.Debug|ARM.Build.0 = Debug|ARM
		{EFAA9AE4-5691-4508-8B76-C449B2C30751}.Debug|x86.ActiveCfg = Debug|x86
		{EFAA9AE4-5691-4508-8B76-C449B2C30751}.Debug|x86.Build.0 = Debug|x86
		{EFAA9AE4-5691-4508-8B76-C449B2C30751}.Release|Any CPU.ActiveCfg = Release|Any CPU
		{EFAA9AE4-5691-4508-8B76-C449B2C30751}.Release|Any CPU.Build.0 = Release|Any CPU
		{EFAA9AE4-5691-4508-8B76-C449B2C30751}.Release|ARM.ActiveCfg = Release|ARM
		{EFAA9AE4-5691-4508-8B76-C449B2C30751}.Release|ARM.Build.0 = Release|ARM
		{EFAA9AE4-5691-4508-8B76-C449B2C30751}.Release|x86.ActiveCfg = Release|x86
		{EFAA9AE4-5691-4508-8B76-C449B2C30751}.Release|x86.Build.0 = Release|x86
		{F1A76915-7DFD-432D-87B9-09831924F7E1}.Debug|Any CPU.ActiveCfg = Debug|Any CPU
		{F1A76915-7DFD-432D-87B9-09831924F7E1}.Debug|Any CPU.Build.0 = Debug|Any CPU
		{F1A76915-7DFD-432D-87B9-09831924F7E1}.Debug|ARM.ActiveCfg = Debug|ARM
		{F1A76915-7DFD-432D-87B9-09831924F7E1}.Debug|ARM.Build.0 = Debug|ARM
		{F1A76915-7DFD-432D-87B9-09831924F7E1}.Debug|x86.ActiveCfg = Debug|x86
		{F1A76915-7DFD-432D-87B9-09831924F7E1}.Debug|x86.Build.0 = Debug|x86
		{F1A76915-7DFD-432D-87B9-09831924F7E1}.Release|Any CPU.ActiveCfg = Release|Any CPU
		{F1A76915-7DFD-432D-87B9-09831924F7E1}.Release|Any CPU.Build.0 = Release|Any CPU
		{F1A76915-7DFD-432D-87B9-09831924F7E1}.Release|ARM.ActiveCfg = Release|ARM
		{F1A76915-7DFD-432D-87B9-09831924F7E1}.Release|ARM.Build.0 = Release|ARM
		{F1A76915-7DFD-432D-87B9-09831924F7E1}.Release|x86.ActiveCfg = Release|x86
		{F1A76915-7DFD-432D-87B9-09831924F7E1}.Release|x86.Build.0 = Release|x86
	EndGlobalSection
	GlobalSection(SolutionProperties) = preSolution
		HideSolutionNode = FALSE
	EndGlobalSection
EndGlobal
